// !$*UTF8*$!
{
	archiveVersion = 1;
	classes = {
	};
	objectVersion = 77;
	objects = {

/* Begin PBXBuildFile section */
		B8126E9C2D605178003C7CB0 /* AppDelegate.swift in Sources */ = {isa = PBXBuildFile; fileRef = B8126E912D605178003C7CB0 /* AppDelegate.swift */; };
		B8126E9D2D605178003C7CB0 /* SceneDelegate.swift in Sources */ = {isa = PBXBuildFile; fileRef = B8126E962D605178003C7CB0 /* SceneDelegate.swift */; };
		B8126E9E2D605178003C7CB0 /* LoginViewController.swift in Sources */ = {isa = PBXBuildFile; fileRef = B8126E982D605178003C7CB0 /* LoginViewController.swift */; };
		B8126E9F2D605178003C7CB0 /* Assets.xcassets in Resources */ = {isa = PBXBuildFile; fileRef = B8126E922D605178003C7CB0 /* Assets.xcassets */; };
		B8126EA12D605178003C7CB0 /* LaunchScreen.storyboard in Resources */ = {isa = PBXBuildFile; fileRef = B8126E952D605178003C7CB0 /* LaunchScreen.storyboard */; };
		B8126EA72D6051E0003C7CB0 /* Constants.swift in Sources */ = {isa = PBXBuildFile; fileRef = B8126EA62D6051E0003C7CB0 /* Constants.swift */; };
		B8126EA92D6051FF003C7CB0 /* CustomLabel.swift in Sources */ = {isa = PBXBuildFile; fileRef = B8126EA82D6051FF003C7CB0 /* CustomLabel.swift */; };
		B8126EAB2D605226003C7CB0 /* UIFont.swift in Sources */ = {isa = PBXBuildFile; fileRef = B8126EAA2D605226003C7CB0 /* UIFont.swift */; };
		B8126EAD2D605233003C7CB0 /* UIColor.swift in Sources */ = {isa = PBXBuildFile; fileRef = B8126EAC2D605233003C7CB0 /* UIColor.swift */; };
		B8126EB02D605289003C7CB0 /* SnapKit in Frameworks */ = {isa = PBXBuildFile; productRef = B8126EAF2D605289003C7CB0 /* SnapKit */; };
		B8126EB52D6052B9003C7CB0 /* IQKeyboardManagerSwift in Frameworks */ = {isa = PBXBuildFile; productRef = B8126EB42D6052B9003C7CB0 /* IQKeyboardManagerSwift */; };
		B8126EB82D605308003C7CB0 /* PretendardVariable.ttf in Resources */ = {isa = PBXBuildFile; fileRef = B8126EB72D605308003C7CB0 /* PretendardVariable.ttf */; };
		B8126EBA2D605458003C7CB0 /* CustomButton.swift in Sources */ = {isa = PBXBuildFile; fileRef = B8126EB92D605458003C7CB0 /* CustomButton.swift */; };
		B8126EBE2D606F22003C7CB0 /* LoginSuccessViewController.swift in Sources */ = {isa = PBXBuildFile; fileRef = B8126EBD2D606F22003C7CB0 /* LoginSuccessViewController.swift */; };
		B8126EC02D607219003C7CB0 /* LoginViewModel.swift in Sources */ = {isa = PBXBuildFile; fileRef = B8126EBF2D607219003C7CB0 /* LoginViewModel.swift */; };
		B8126EC22D60724E003C7CB0 /* String.swift in Sources */ = {isa = PBXBuildFile; fileRef = B8126EC12D60724E003C7CB0 /* String.swift */; };
/* End PBXBuildFile section */

/* Begin PBXFileReference section */
		B8126E442D604F7C003C7CB0 /* IntellipickBarointern.app */ = {isa = PBXFileReference; explicitFileType = wrapper.application; includeInIndex = 0; path = IntellipickBarointern.app; sourceTree = BUILT_PRODUCTS_DIR; };
		B8126E912D605178003C7CB0 /* AppDelegate.swift */ = {isa = PBXFileReference; lastKnownFileType = sourcecode.swift; path = AppDelegate.swift; sourceTree = "<group>"; };
		B8126E922D605178003C7CB0 /* Assets.xcassets */ = {isa = PBXFileReference; lastKnownFileType = folder.assetcatalog; path = Assets.xcassets; sourceTree = "<group>"; };
		B8126E932D605178003C7CB0 /* Info.plist */ = {isa = PBXFileReference; lastKnownFileType = text.plist.xml; path = Info.plist; sourceTree = "<group>"; };
		B8126E942D605178003C7CB0 /* Base */ = {isa = PBXFileReference; lastKnownFileType = file.storyboard; name = Base; path = Base.lproj/LaunchScreen.storyboard; sourceTree = "<group>"; };
		B8126E962D605178003C7CB0 /* SceneDelegate.swift */ = {isa = PBXFileReference; lastKnownFileType = sourcecode.swift; path = SceneDelegate.swift; sourceTree = "<group>"; };
		B8126E982D605178003C7CB0 /* LoginViewController.swift */ = {isa = PBXFileReference; lastKnownFileType = sourcecode.swift; path = LoginViewController.swift; sourceTree = "<group>"; };
		B8126EA62D6051E0003C7CB0 /* Constants.swift */ = {isa = PBXFileReference; lastKnownFileType = sourcecode.swift; path = Constants.swift; sourceTree = "<group>"; };
		B8126EA82D6051FF003C7CB0 /* CustomLabel.swift */ = {isa = PBXFileReference; lastKnownFileType = sourcecode.swift; path = CustomLabel.swift; sourceTree = "<group>"; };
		B8126EAA2D605226003C7CB0 /* UIFont.swift */ = {isa = PBXFileReference; lastKnownFileType = sourcecode.swift; path = UIFont.swift; sourceTree = "<group>"; };
		B8126EAC2D605233003C7CB0 /* UIColor.swift */ = {isa = PBXFileReference; lastKnownFileType = sourcecode.swift; path = UIColor.swift; sourceTree = "<group>"; };
		B8126EB72D605308003C7CB0 /* PretendardVariable.ttf */ = {isa = PBXFileReference; lastKnownFileType = file; path = PretendardVariable.ttf; sourceTree = "<group>"; };
		B8126EB92D605458003C7CB0 /* CustomButton.swift */ = {isa = PBXFileReference; lastKnownFileType = sourcecode.swift; path = CustomButton.swift; sourceTree = "<group>"; };
		B8126EBD2D606F22003C7CB0 /* LoginSuccessViewController.swift */ = {isa = PBXFileReference; lastKnownFileType = sourcecode.swift; path = LoginSuccessViewController.swift; sourceTree = "<group>"; };
		B8126EBF2D607219003C7CB0 /* LoginViewModel.swift */ = {isa = PBXFileReference; lastKnownFileType = sourcecode.swift; path = LoginViewModel.swift; sourceTree = "<group>"; };
		B8126EC12D60724E003C7CB0 /* String.swift */ = {isa = PBXFileReference; lastKnownFileType = sourcecode.swift; path = String.swift; sourceTree = "<group>"; };
/* End PBXFileReference section */

/* Begin PBXFrameworksBuildPhase section */
		B8126E412D604F7C003C7CB0 /* Frameworks */ = {
			isa = PBXFrameworksBuildPhase;
			buildActionMask = 2147483647;
			files = (
				B8126EB02D605289003C7CB0 /* SnapKit in Frameworks */,
				B8126EB52D6052B9003C7CB0 /* IQKeyboardManagerSwift in Frameworks */,
			);
			runOnlyForDeploymentPostprocessing = 0;
		};
/* End PBXFrameworksBuildPhase section */

/* Begin PBXGroup section */
		B8126E3B2D604F7C003C7CB0 = {
			isa = PBXGroup;
			children = (
				B8126E9B2D605178003C7CB0 /* IntellipickBarointern */,
				B8126E452D604F7C003C7CB0 /* Products */,
			);
			sourceTree = "<group>";
		};
		B8126E452D604F7C003C7CB0 /* Products */ = {
			isa = PBXGroup;
			children = (
				B8126E442D604F7C003C7CB0 /* IntellipickBarointern.app */,
			);
			name = Products;
			sourceTree = "<group>";
		};
		B8126E902D605178003C7CB0 /* Model */ = {
			isa = PBXGroup;
			children = (
			);
			path = Model;
			sourceTree = "<group>";
		};
		B8126E972D605178003C7CB0 /* Resource */ = {
			isa = PBXGroup;
			children = (
				B8126EB62D6052F5003C7CB0 /* Font */,
				B8126E912D605178003C7CB0 /* AppDelegate.swift */,
				B8126E922D605178003C7CB0 /* Assets.xcassets */,
				B8126E932D605178003C7CB0 /* Info.plist */,
				B8126E952D605178003C7CB0 /* LaunchScreen.storyboard */,
				B8126E962D605178003C7CB0 /* SceneDelegate.swift */,
			);
			path = Resource;
			sourceTree = "<group>";
		};
		B8126E992D605178003C7CB0 /* View */ = {
			isa = PBXGroup;
			children = (
				B8126E982D605178003C7CB0 /* LoginViewController.swift */,
				B8126EBD2D606F22003C7CB0 /* LoginSuccessViewController.swift */,
			);
			path = View;
			sourceTree = "<group>";
		};
		B8126E9A2D605178003C7CB0 /* ViewModel */ = {
			isa = PBXGroup;
			children = (
				B8126EBF2D607219003C7CB0 /* LoginViewModel.swift */,
			);
			path = ViewModel;
			sourceTree = "<group>";
		};
		B8126E9B2D605178003C7CB0 /* IntellipickBarointern */ = {
			isa = PBXGroup;
			children = (
				B8126E902D605178003C7CB0 /* Model */,
				B8126E992D605178003C7CB0 /* View */,
				B8126E9A2D605178003C7CB0 /* ViewModel */,
				B8126EA42D6051A2003C7CB0 /* Utils */,
				B8126EA52D6051A5003C7CB0 /* Extension */,
				B8126E972D605178003C7CB0 /* Resource */,
			);
			path = IntellipickBarointern;
			sourceTree = "<group>";
		};
		B8126EA42D6051A2003C7CB0 /* Utils */ = {
			isa = PBXGroup;
			children = (
				B8126EA62D6051E0003C7CB0 /* Constants.swift */,
				B8126EA82D6051FF003C7CB0 /* CustomLabel.swift */,
				B8126EB92D605458003C7CB0 /* CustomButton.swift */,
			);
			path = Utils;
			sourceTree = "<group>";
		};
		B8126EA52D6051A5003C7CB0 /* Extension */ = {
			isa = PBXGroup;
			children = (
				B8126EAA2D605226003C7CB0 /* UIFont.swift */,
				B8126EAC2D605233003C7CB0 /* UIColor.swift */,
				B8126EC12D60724E003C7CB0 /* String.swift */,
			);
			path = Extension;
			sourceTree = "<group>";
		};
		B8126EB62D6052F5003C7CB0 /* Font */ = {
			isa = PBXGroup;
			children = (
				B8126EB72D605308003C7CB0 /* PretendardVariable.ttf */,
			);
			path = Font;
			sourceTree = "<group>";
		};
/* End PBXGroup section */

/* Begin PBXNativeTarget section */
		B8126E432D604F7C003C7CB0 /* IntellipickBarointern */ = {
			isa = PBXNativeTarget;
			buildConfigurationList = B8126E572D604F7D003C7CB0 /* Build configuration list for PBXNativeTarget "IntellipickBarointern" */;
			buildPhases = (
				B8126E402D604F7C003C7CB0 /* Sources */,
				B8126E412D604F7C003C7CB0 /* Frameworks */,
				B8126E422D604F7C003C7CB0 /* Resources */,
			);
			buildRules = (
			);
			dependencies = (
			);
			name = IntellipickBarointern;
			packageProductDependencies = (
				B8126EAF2D605289003C7CB0 /* SnapKit */,
				B8126EB42D6052B9003C7CB0 /* IQKeyboardManagerSwift */,
			);
			productName = IntellipickBarointern;
			productReference = B8126E442D604F7C003C7CB0 /* IntellipickBarointern.app */;
			productType = "com.apple.product-type.application";
		};
/* End PBXNativeTarget section */

/* Begin PBXProject section */
		B8126E3C2D604F7C003C7CB0 /* Project object */ = {
			isa = PBXProject;
			attributes = {
				BuildIndependentTargetsInParallel = 1;
				LastSwiftUpdateCheck = 1620;
				LastUpgradeCheck = 1620;
				TargetAttributes = {
					B8126E432D604F7C003C7CB0 = {
						CreatedOnToolsVersion = 16.2;
					};
				};
			};
			buildConfigurationList = B8126E3F2D604F7C003C7CB0 /* Build configuration list for PBXProject "IntellipickBarointern" */;
			developmentRegion = en;
			hasScannedForEncodings = 0;
			knownRegions = (
				en,
				Base,
			);
			mainGroup = B8126E3B2D604F7C003C7CB0;
			minimizedProjectReferenceProxies = 1;
			packageReferences = (
				B8126EAE2D605289003C7CB0 /* XCRemoteSwiftPackageReference "SnapKit" */,
				B8126EB32D6052B9003C7CB0 /* XCRemoteSwiftPackageReference "IQKeyboardManager" */,
			);
			preferredProjectObjectVersion = 77;
			productRefGroup = B8126E452D604F7C003C7CB0 /* Products */;
			projectDirPath = "";
			projectRoot = "";
			targets = (
				B8126E432D604F7C003C7CB0 /* IntellipickBarointern */,
			);
		};
/* End PBXProject section */

/* Begin PBXResourcesBuildPhase section */
		B8126E422D604F7C003C7CB0 /* Resources */ = {
			isa = PBXResourcesBuildPhase;
			buildActionMask = 2147483647;
			files = (
				B8126E9F2D605178003C7CB0 /* Assets.xcassets in Resources */,
				B8126EA12D605178003C7CB0 /* LaunchScreen.storyboard in Resources */,
				B8126EB82D605308003C7CB0 /* PretendardVariable.ttf in Resources */,
			);
			runOnlyForDeploymentPostprocessing = 0;
		};
/* End PBXResourcesBuildPhase section */

/* Begin PBXSourcesBuildPhase section */
		B8126E402D604F7C003C7CB0 /* Sources */ = {
			isa = PBXSourcesBuildPhase;
			buildActionMask = 2147483647;
			files = (
				B8126E9C2D605178003C7CB0 /* AppDelegate.swift in Sources */,
				B8126EC22D60724E003C7CB0 /* String.swift in Sources */,
				B8126EAD2D605233003C7CB0 /* UIColor.swift in Sources */,
				B8126EBE2D606F22003C7CB0 /* LoginSuccessViewController.swift in Sources */,
				B8126EA92D6051FF003C7CB0 /* CustomLabel.swift in Sources */,
				B8126EAB2D605226003C7CB0 /* UIFont.swift in Sources */,
				B8126EBA2D605458003C7CB0 /* CustomButton.swift in Sources */,
				B8126E9D2D605178003C7CB0 /* SceneDelegate.swift in Sources */,
				B8126E9E2D605178003C7CB0 /* LoginViewController.swift in Sources */,
				B8126EC02D607219003C7CB0 /* LoginViewModel.swift in Sources */,
				B8126EA72D6051E0003C7CB0 /* Constants.swift in Sources */,
			);
			runOnlyForDeploymentPostprocessing = 0;
		};
/* End PBXSourcesBuildPhase section */

/* Begin PBXVariantGroup section */
		B8126E952D605178003C7CB0 /* LaunchScreen.storyboard */ = {
			isa = PBXVariantGroup;
			children = (
				B8126E942D605178003C7CB0 /* Base */,
			);
			name = LaunchScreen.storyboard;
			sourceTree = "<group>";
		};
/* End PBXVariantGroup section */

/* Begin XCBuildConfiguration section */
		B8126E582D604F7D003C7CB0 /* Debug */ = {
			isa = XCBuildConfiguration;
			buildSettings = {
				ASSETCATALOG_COMPILER_APPICON_NAME = AppIcon;
				ASSETCATALOG_COMPILER_GLOBAL_ACCENT_COLOR_NAME = AccentColor;
				CODE_SIGN_STYLE = Automatic;
				CURRENT_PROJECT_VERSION = 1;
				DEVELOPMENT_TEAM = 785X8Q9TA9;
				GENERATE_INFOPLIST_FILE = YES;
				INFOPLIST_FILE = IntellipickBarointern/Resource/Info.plist;
				INFOPLIST_KEY_UIApplicationSupportsIndirectInputEvents = YES;
				INFOPLIST_KEY_UILaunchStoryboardName = LaunchScreen;
				INFOPLIST_KEY_UISupportedInterfaceOrientations_iPad = "UIInterfaceOrientationPortrait UIInterfaceOrientationPortraitUpsideDown UIInterfaceOrientationLandscapeLeft UIInterfaceOrientationLandscapeRight";
				INFOPLIST_KEY_UISupportedInterfaceOrientations_iPhone = "UIInterfaceOrientationPortrait UIInterfaceOrientationLandscapeLeft UIInterfaceOrientationLandscapeRight";
				LD_RUNPATH_SEARCH_PATHS = (
					"$(inherited)",
					"@executable_path/Frameworks",
				);
				MARKETING_VERSION = 1.0;
				PRODUCT_BUNDLE_IDENTIFIER = com.luttoil.IntellipickBarointern;
				PRODUCT_NAME = "$(TARGET_NAME)";
				SWIFT_EMIT_LOC_STRINGS = YES;
				SWIFT_VERSION = 5.0;
				TARGETED_DEVICE_FAMILY = "1,2";
			};
			name = Debug;
		};
		B8126E592D604F7D003C7CB0 /* Release */ = {
			isa = XCBuildConfiguration;
			buildSettings = {
				ASSETCATALOG_COMPILER_APPICON_NAME = AppIcon;
				ASSETCATALOG_COMPILER_GLOBAL_ACCENT_COLOR_NAME = AccentColor;
				CODE_SIGN_STYLE = Automatic;
				CURRENT_PROJECT_VERSION = 1;
				DEVELOPMENT_TEAM = 785X8Q9TA9;
				GENERATE_INFOPLIST_FILE = YES;
				INFOPLIST_FILE = IntellipickBarointern/Resource/Info.plist;
				INFOPLIST_KEY_UIApplicationSupportsIndirectInputEvents = YES;
				INFOPLIST_KEY_UILaunchStoryboardName = LaunchScreen;
				INFOPLIST_KEY_UISupportedInterfaceOrientations_iPad = "UIInterfaceOrientationPortrait UIInterfaceOrientationPortraitUpsideDown UIInterfaceOrientationLandscapeLeft UIInterfaceOrientationLandscapeRight";
				INFOPLIST_KEY_UISupportedInterfaceOrientations_iPhone = "UIInterfaceOrientationPortrait UIInterfaceOrientationLandscapeLeft UIInterfaceOrientationLandscapeRight";
				LD_RUNPATH_SEARCH_PATHS = (
					"$(inherited)",
					"@executable_path/Frameworks",
				);
				MARKETING_VERSION = 1.0;
				PRODUCT_BUNDLE_IDENTIFIER = com.luttoil.IntellipickBarointern;
				PRODUCT_NAME = "$(TARGET_NAME)";
				SWIFT_EMIT_LOC_STRINGS = YES;
				SWIFT_VERSION = 5.0;
				TARGETED_DEVICE_FAMILY = "1,2";
			};
			name = Release;
		};
		B8126E5A2D604F7D003C7CB0 /* Debug */ = {
			isa = XCBuildConfiguration;
			buildSettings = {
				ALWAYS_SEARCH_USER_PATHS = NO;
				ASSETCATALOG_COMPILER_GENERATE_SWIFT_ASSET_SYMBOL_EXTENSIONS = YES;
				CLANG_ANALYZER_NONNULL = YES;
				CLANG_ANALYZER_NUMBER_OBJECT_CONVERSION = YES_AGGRESSIVE;
				CLANG_CXX_LANGUAGE_STANDARD = "gnu++20";
				CLANG_ENABLE_MODULES = YES;
				CLANG_ENABLE_OBJC_ARC = YES;
				CLANG_ENABLE_OBJC_WEAK = YES;
				CLANG_WARN_BLOCK_CAPTURE_AUTORELEASING = YES;
				CLANG_WARN_BOOL_CONVERSION = YES;
				CLANG_WARN_COMMA = YES;
				CLANG_WARN_CONSTANT_CONVERSION = YES;
				CLANG_WARN_DEPRECATED_OBJC_IMPLEMENTATIONS = YES;
				CLANG_WARN_DIRECT_OBJC_ISA_USAGE = YES_ERROR;
				CLANG_WARN_DOCUMENTATION_COMMENTS = YES;
				CLANG_WARN_EMPTY_BODY = YES;
				CLANG_WARN_ENUM_CONVERSION = YES;
				CLANG_WARN_INFINITE_RECURSION = YES;
				CLANG_WARN_INT_CONVERSION = YES;
				CLANG_WARN_NON_LITERAL_NULL_CONVERSION = YES;
				CLANG_WARN_OBJC_IMPLICIT_RETAIN_SELF = YES;
				CLANG_WARN_OBJC_LITERAL_CONVERSION = YES;
				CLANG_WARN_OBJC_ROOT_CLASS = YES_ERROR;
				CLANG_WARN_QUOTED_INCLUDE_IN_FRAMEWORK_HEADER = YES;
				CLANG_WARN_RANGE_LOOP_ANALYSIS = YES;
				CLANG_WARN_STRICT_PROTOTYPES = YES;
				CLANG_WARN_SUSPICIOUS_MOVE = YES;
				CLANG_WARN_UNGUARDED_AVAILABILITY = YES_AGGRESSIVE;
				CLANG_WARN_UNREACHABLE_CODE = YES;
				CLANG_WARN__DUPLICATE_METHOD_MATCH = YES;
				COPY_PHASE_STRIP = NO;
				DEBUG_INFORMATION_FORMAT = dwarf;
				ENABLE_STRICT_OBJC_MSGSEND = YES;
				ENABLE_TESTABILITY = YES;
				ENABLE_USER_SCRIPT_SANDBOXING = YES;
				GCC_C_LANGUAGE_STANDARD = gnu17;
				GCC_DYNAMIC_NO_PIC = NO;
				GCC_NO_COMMON_BLOCKS = YES;
				GCC_OPTIMIZATION_LEVEL = 0;
				GCC_PREPROCESSOR_DEFINITIONS = (
					"DEBUG=1",
					"$(inherited)",
				);
				GCC_WARN_64_TO_32_BIT_CONVERSION = YES;
				GCC_WARN_ABOUT_RETURN_TYPE = YES_ERROR;
				GCC_WARN_UNDECLARED_SELECTOR = YES;
				GCC_WARN_UNINITIALIZED_AUTOS = YES_AGGRESSIVE;
				GCC_WARN_UNUSED_FUNCTION = YES;
				GCC_WARN_UNUSED_VARIABLE = YES;
				IPHONEOS_DEPLOYMENT_TARGET = 18.2;
				LOCALIZATION_PREFERS_STRING_CATALOGS = YES;
				MTL_ENABLE_DEBUG_INFO = INCLUDE_SOURCE;
				MTL_FAST_MATH = YES;
				ONLY_ACTIVE_ARCH = YES;
				SDKROOT = iphoneos;
				SWIFT_ACTIVE_COMPILATION_CONDITIONS = "DEBUG $(inherited)";
				SWIFT_OPTIMIZATION_LEVEL = "-Onone";
			};
			name = Debug;
		};
		B8126E5B2D604F7D003C7CB0 /* Release */ = {
			isa = XCBuildConfiguration;
			buildSettings = {
				ALWAYS_SEARCH_USER_PATHS = NO;
				ASSETCATALOG_COMPILER_GENERATE_SWIFT_ASSET_SYMBOL_EXTENSIONS = YES;
				CLANG_ANALYZER_NONNULL = YES;
				CLANG_ANALYZER_NUMBER_OBJECT_CONVERSION = YES_AGGRESSIVE;
				CLANG_CXX_LANGUAGE_STANDARD = "gnu++20";
				CLANG_ENABLE_MODULES = YES;
				CLANG_ENABLE_OBJC_ARC = YES;
				CLANG_ENABLE_OBJC_WEAK = YES;
				CLANG_WARN_BLOCK_CAPTURE_AUTORELEASING = YES;
				CLANG_WARN_BOOL_CONVERSION = YES;
				CLANG_WARN_COMMA = YES;
				CLANG_WARN_CONSTANT_CONVERSION = YES;
				CLANG_WARN_DEPRECATED_OBJC_IMPLEMENTATIONS = YES;
				CLANG_WARN_DIRECT_OBJC_ISA_USAGE = YES_ERROR;
				CLANG_WARN_DOCUMENTATION_COMMENTS = YES;
				CLANG_WARN_EMPTY_BODY = YES;
				CLANG_WARN_ENUM_CONVERSION = YES;
				CLANG_WARN_INFINITE_RECURSION = YES;
				CLANG_WARN_INT_CONVERSION = YES;
				CLANG_WARN_NON_LITERAL_NULL_CONVERSION = YES;
				CLANG_WARN_OBJC_IMPLICIT_RETAIN_SELF = YES;
				CLANG_WARN_OBJC_LITERAL_CONVERSION = YES;
				CLANG_WARN_OBJC_ROOT_CLASS = YES_ERROR;
				CLANG_WARN_QUOTED_INCLUDE_IN_FRAMEWORK_HEADER = YES;
				CLANG_WARN_RANGE_LOOP_ANALYSIS = YES;
				CLANG_WARN_STRICT_PROTOTYPES = YES;
				CLANG_WARN_SUSPICIOUS_MOVE = YES;
				CLANG_WARN_UNGUARDED_AVAILABILITY = YES_AGGRESSIVE;
				CLANG_WARN_UNREACHABLE_CODE = YES;
				CLANG_WARN__DUPLICATE_METHOD_MATCH = YES;
				COPY_PHASE_STRIP = NO;
				DEBUG_INFORMATION_FORMAT = "dwarf-with-dsym";
				ENABLE_NS_ASSERTIONS = NO;
				ENABLE_STRICT_OBJC_MSGSEND = YES;
				ENABLE_USER_SCRIPT_SANDBOXING = YES;
				GCC_C_LANGUAGE_STANDARD = gnu17;
				GCC_NO_COMMON_BLOCKS = YES;
				GCC_WARN_64_TO_32_BIT_CONVERSION = YES;
				GCC_WARN_ABOUT_RETURN_TYPE = YES_ERROR;
				GCC_WARN_UNDECLARED_SELECTOR = YES;
				GCC_WARN_UNINITIALIZED_AUTOS = YES_AGGRESSIVE;
				GCC_WARN_UNUSED_FUNCTION = YES;
				GCC_WARN_UNUSED_VARIABLE = YES;
				IPHONEOS_DEPLOYMENT_TARGET = 18.2;
				LOCALIZATION_PREFERS_STRING_CATALOGS = YES;
				MTL_ENABLE_DEBUG_INFO = NO;
				MTL_FAST_MATH = YES;
				SDKROOT = iphoneos;
				SWIFT_COMPILATION_MODE = wholemodule;
				VALIDATE_PRODUCT = YES;
			};
			name = Release;
		};
/* End XCBuildConfiguration section */

/* Begin XCConfigurationList section */
		B8126E3F2D604F7C003C7CB0 /* Build configuration list for PBXProject "IntellipickBarointern" */ = {
			isa = XCConfigurationList;
			buildConfigurations = (
				B8126E5A2D604F7D003C7CB0 /* Debug */,
				B8126E5B2D604F7D003C7CB0 /* Release */,
			);
			defaultConfigurationIsVisible = 0;
			defaultConfigurationName = Release;
		};
		B8126E572D604F7D003C7CB0 /* Build configuration list for PBXNativeTarget "IntellipickBarointern" */ = {
			isa = XCConfigurationList;
			buildConfigurations = (
				B8126E582D604F7D003C7CB0 /* Debug */,
				B8126E592D604F7D003C7CB0 /* Release */,
			);
			defaultConfigurationIsVisible = 0;
			defaultConfigurationName = Release;
		};
/* End XCConfigurationList section */

/* Begin XCRemoteSwiftPackageReference section */
		B8126EAE2D605289003C7CB0 /* XCRemoteSwiftPackageReference "SnapKit" */ = {
			isa = XCRemoteSwiftPackageReference;
			repositoryURL = "https://github.com/SnapKit/SnapKit.git";
			requirement = {
				kind = upToNextMajorVersion;
				minimumVersion = 5.7.1;
			};
		};
		B8126EB32D6052B9003C7CB0 /* XCRemoteSwiftPackageReference "IQKeyboardManager" */ = {
			isa = XCRemoteSwiftPackageReference;
			repositoryURL = "https://github.com/hackiftekhar/IQKeyboardManager";
			requirement = {
				kind = upToNextMajorVersion;
				minimumVersion = 8.0.0;
			};
		};
/* End XCRemoteSwiftPackageReference section */

/* Begin XCSwiftPackageProductDependency section */
		B8126EAF2D605289003C7CB0 /* SnapKit */ = {
			isa = XCSwiftPackageProductDependency;
			package = B8126EAE2D605289003C7CB0 /* XCRemoteSwiftPackageReference "SnapKit" */;
			productName = SnapKit;
		};
		B8126EB42D6052B9003C7CB0 /* IQKeyboardManagerSwift */ = {
			isa = XCSwiftPackageProductDependency;
			package = B8126EB32D6052B9003C7CB0 /* XCRemoteSwiftPackageReference "IQKeyboardManager" */;
			productName = IQKeyboardManagerSwift;
		};
/* End XCSwiftPackageProductDependency section */
	};
	rootObject = B8126E3C2D604F7C003C7CB0 /* Project object */;
}
